[[package]]
name = "libusb1"
version = "3.0.0"
description = "Pure-python wrapper for libusb-1.0"
category = "main"
optional = false
python-versions = "*"

[[package]]
name = "ndeflib"
version = "0.3.3"
description = "NFC Data Exchange Format decoder and encoder."
category = "main"
optional = false
python-versions = "*"

[[package]]
name = "nfcpy"
version = "1.0.4"
description = "Python module for Near Field Communication."
category = "main"
optional = false
python-versions = ">=2.6"

[package.dependencies]
libusb1 = "*"
ndeflib = "*"
pydes = "*"
pyserial = "*"

[[package]]
name = "pydes"
version = "2.0.1"
description = "Pure python implementation of DES and TRIPLE DES encryption algorithm"
category = "main"
optional = false
python-versions = "*"

[[package]]
name = "pyserial"
version = "3.5"
description = "Python Serial Port Extension"
category = "main"
optional = false
python-versions = "*"

[package.extras]
cp2110 = ["hidapi"]

[metadata]
lock-version = "1.1"
python-versions = "^3.10"
content-hash = "39446dd9b09a82a0d6a66fbd7f149f48d84c63a3beaf73dc908da77c46d0b27e"

[metadata.files]
libusb1 = [
    {file = "libusb1-3.0.0-py3-none-any.whl", hash = "sha256:0e652b04cbe85ec8e74f9ee82b49f861fb14b5320ae51399387ad2601ccc0500"},
    {file = "libusb1-3.0.0-py3-none-win32.whl", hash = "sha256:083f75e5d15cb5e2159e64c308c5317284eae926a820d6dce53a9505d18be3b2"},
    {file = "libusb1-3.0.0-py3-none-win_amd64.whl", hash = "sha256:6f6bb010632ada35c661d17a65e135077beef0fbb2434d5ffdb3a4a911fd9490"},
    {file = "libusb1-3.0.0.tar.gz", hash = "sha256:5792a9defee40f15d330a40d9b1800545c32e47ba7fc66b6f28f133c9fcc8538"},
]
ndeflib = [
    {file = "ndeflib-0.3.3-py2.py3-none-any.whl", hash = "sha256:c634b1af2ab454754f0fdbe1debd38247ed7bdaf94587359b857726f3ee7decb"},
    {file = "ndeflib-0.3.3.tar.gz", hash = "sha256:1d56828558b9b16f2822a4051824346347b66adf5320ea86070748b6f2454a88"},
]
nfcpy = [
    {file = "nfcpy-1.0.4-py3-none-any.whl", hash = "sha256:c1f3ecdd9755f9af46e89a945ed490354d089d5b19422e307159e256ff8c1b3d"},
    {file = "nfcpy-1.0.4.tar.gz", hash = "sha256:e5bd08d0119e1d9e95d05215f838b07b44d03b651adddc523cc1a38892b8af6b"},
]
pydes = [
    {file = "pyDes-2.0.1.tar.gz", hash = "sha256:e2ab8e21d2b83e90d90dbfdcb6fb8ac0000b813238b7ecaede04f8435c389012"},
]
pyserial = [
    {file = "pyserial-3.5-py2.py3-none-any.whl", hash = "sha256:c4451db6ba391ca6ca299fb3ec7bae67a5c55dde170964c7a14ceefec02f2cf0"},
    {file = "pyserial-3.5.tar.gz", hash = "sha256:3c77e014170dfffbd816e6ffc205e9842efb10be9f58ec16d3e8675b4925cddb"},
]
